
Microsoft Visual Studio Solution File, Format Version 12.00
# Visual Studio Version 16
VisualStudioVersion = 16.0.30804.86
MinimumVisualStudioVersion = 10.0.40219.1
Project("{FAE04EC0-301F-11D3-BF4B-00C04F79EFBC}") = "SerialPortThreadExperiment", "SerialPortThreadExperiment\SerialPortThreadExperiment.csproj", "{CCA1A14D-3A69-49E6-8A4B-C1FD5F52DF28}"
EndProject
Global
	GlobalSection(SolutionConfigurationPlatforms) = preSolution
		Debug|Any CPU = Debug|Any CPU
		Release|Any CPU = Release|Any CPU
	EndGlobalSection
	GlobalSection(ProjectConfigurationPlatforms) = postSolution
		{CCA1A14D-3A69-49E6-8A4B-C1FD5F52DF28}.Debug|Any CPU.ActiveCfg = Debug|Any CPU
		{CCA1A14D-3A69-49E6-8A4B-C1FD5F52DF28}.Debug|Any CPU.Build.0 = Debug|Any CPU
		{CCA1A14D-3A69-49E6-8A4B-C1FD5F52DF28}.Release|Any CPU.ActiveCfg = Release|Any CPU
		{CCA1A14D-3A69-49E6-8A4B-C1FD5F52DF28}.Release|Any CPU.Build.0 = Release|Any CPU
	EndGlobalSection
	GlobalSection(SolutionProperties) = preSolution
		HideSolutionNode = FALSE
	EndGlobalSection
	GlobalSection(ExtensibilityGlobals) = postSolution
		SolutionGuid = {A9544F2D-B254-4B5C-B2F0-C2089E66EFB1}
	EndGlobalSection
EndGlobal
